// !$*UTF8*$!
{
	archiveVersion = 1;
	classes = {
	};
	objectVersion = 55;
	objects = {

/* Begin PBXBuildFile section */
		6CAF03DC286845C900F097EC /* AppDelegate.swift in Sources */ = {isa = PBXBuildFile; fileRef = 6CAF03DB286845C900F097EC /* AppDelegate.swift */; };
		6CAF03DE286845C900F097EC /* SceneDelegate.swift in Sources */ = {isa = PBXBuildFile; fileRef = 6CAF03DD286845C900F097EC /* SceneDelegate.swift */; };
		6CAF03E0286845C900F097EC /* ViewController.swift in Sources */ = {isa = PBXBuildFile; fileRef = 6CAF03DF286845C900F097EC /* ViewController.swift */; };
		6CAF03E3286845C900F097EC /* Main.storyboard in Resources */ = {isa = PBXBuildFile; fileRef = 6CAF03E1286845C900F097EC /* Main.storyboard */; };
		6CAF03E5286845CB00F097EC /* Assets.xcassets in Resources */ = {isa = PBXBuildFile; fileRef = 6CAF03E4286845CB00F097EC /* Assets.xcassets */; };
		6CAF03E8286845CB00F097EC /* LaunchScreen.storyboard in Resources */ = {isa = PBXBuildFile; fileRef = 6CAF03E6286845CB00F097EC /* LaunchScreen.storyboard */; };
		6CAF03F3286845CB00F097EC /* storyboardTests.swift in Sources */ = {isa = PBXBuildFile; fileRef = 6CAF03F2286845CB00F097EC /* storyboardTests.swift */; };
		6CAF03FD286845CB00F097EC /* storyboardUITests.swift in Sources */ = {isa = PBXBuildFile; fileRef = 6CAF03FC286845CB00F097EC /* storyboardUITests.swift */; };
		6CAF03FF286845CB00F097EC /* storyboardUITestsLaunchTests.swift in Sources */ = {isa = PBXBuildFile; fileRef = 6CAF03FE286845CB00F097EC /* storyboardUITestsLaunchTests.swift */; };
/* End PBXBuildFile section */

/* Begin PBXContainerItemProxy section */
		6CAF03EF286845CB00F097EC /* PBXContainerItemProxy */ = {
			isa = PBXContainerItemProxy;
			containerPortal = 6CAF03D0286845C900F097EC /* Project object */;
			proxyType = 1;
			remoteGlobalIDString = 6CAF03D7286845C900F097EC;
			remoteInfo = storyboard;
		};
		6CAF03F9286845CB00F097EC /* PBXContainerItemProxy */ = {
			isa = PBXContainerItemProxy;
			containerPortal = 6CAF03D0286845C900F097EC /* Project object */;
			proxyType = 1;
			remoteGlobalIDString = 6CAF03D7286845C900F097EC;
			remoteInfo = storyboard;
		};
/* End PBXContainerItemProxy section */

/* Begin PBXFileReference section */
		6CAF03D8286845C900F097EC /* storyboard.app */ = {isa = PBXFileReference; explicitFileType = wrapper.application; includeInIndex = 0; path = storyboard.app; sourceTree = BUILT_PRODUCTS_DIR; };
		6CAF03DB286845C900F097EC /* AppDelegate.swift */ = {isa = PBXFileReference; lastKnownFileType = sourcecode.swift; path = AppDelegate.swift; sourceTree = "<group>"; };
		6CAF03DD286845C900F097EC /* SceneDelegate.swift */ = {isa = PBXFileReference; lastKnownFileType = sourcecode.swift; path = SceneDelegate.swift; sourceTree = "<group>"; };
		6CAF03DF286845C900F097EC /* ViewController.swift */ = {isa = PBXFileReference; lastKnownFileType = sourcecode.swift; path = ViewController.swift; sourceTree = "<group>"; };
		6CAF03E2286845C900F097EC /* Base */ = {isa = PBXFileReference; lastKnownFileType = file.storyboard; name = Base; path = Base.lproj/Main.storyboard; sourceTree = "<group>"; };
		6CAF03E4286845CB00F097EC /* Assets.xcassets */ = {isa = PBXFileReference; lastKnownFileType = folder.assetcatalog; path = Assets.xcassets; sourceTree = "<group>"; };
		6CAF03E7286845CB00F097EC /* Base */ = {isa = PBXFileReference; lastKnownFileType = file.storyboard; name = Base; path = Base.lproj/LaunchScreen.storyboard; sourceTree = "<group>"; };
		6CAF03E9286845CB00F097EC /* Info.plist */ = {isa = PBXFileReference; lastKnownFileType = text.plist.xml; path = Info.plist; sourceTree = "<group>"; };
		6CAF03EE286845CB00F097EC /* storyboardTests.xctest */ = {isa = PBXFileReference; explicitFileType = wrapper.cfbundle; includeInIndex = 0; path = storyboardTests.xctest; sourceTree = BUILT_PRODUCTS_DIR; };
		6CAF03F2286845CB00F097EC /* storyboardTests.swift */ = {isa = PBXFileReference; lastKnownFileType = sourcecode.swift; path = storyboardTests.swift; sourceTree = "<group>"; };
		6CAF03F8286845CB00F097EC /* storyboardUITests.xctest */ = {isa = PBXFileReference; explicitFileType = wrapper.cfbundle; includeInIndex = 0; path = storyboardUITests.xctest; sourceTree = BUILT_PRODUCTS_DIR; };
		6CAF03FC286845CB00F097EC /* storyboardUITests.swift */ = {isa = PBXFileReference; lastKnownFileType = sourcecode.swift; path = storyboardUITests.swift; sourceTree = "<group>"; };
		6CAF03FE286845CB00F097EC /* storyboardUITestsLaunchTests.swift */ = {isa = PBXFileReference; lastKnownFileType = sourcecode.swift; path = storyboardUITestsLaunchTests.swift; sourceTree = "<group>"; };
/* End PBXFileReference section */

/* Begin PBXFrameworksBuildPhase section */
		6CAF03D5286845C900F097EC /* Frameworks */ = {
			isa = PBXFrameworksBuildPhase;
			buildActionMask = 2147483647;
			files = (
			);
			runOnlyForDeploymentPostprocessing = 0;
		};
		6CAF03EB286845CB00F097EC /* Frameworks */ = {
			isa = PBXFrameworksBuildPhase;
			buildActionMask = 2147483647;
			files = (
			);
			runOnlyForDeploymentPostprocessing = 0;
		};
		6CAF03F5286845CB00F097EC /* Frameworks */ = {
			isa = PBXFrameworksBuildPhase;
			buildActionMask = 2147483647;
			files = (
			);
			runOnlyForDeploymentPostprocessing = 0;
		};
/* End PBXFrameworksBuildPhase section */

/* Begin PBXGroup section */
		6CAF03CF286845C900F097EC = {
			isa = PBXGroup;
			children = (
				6CAF03DA286845C900F097EC /* storyboard */,
				6CAF03F1286845CB00F097EC /* storyboardTests */,
				6CAF03FB286845CB00F097EC /* storyboardUITests */,
				6CAF03D9286845C900F097EC /* Products */,
			);
			sourceTree = "<group>";
		};
		6CAF03D9286845C900F097EC /* Products */ = {
			isa = PBXGroup;
			children = (
				6CAF03D8286845C900F097EC /* storyboard.app */,
				6CAF03EE286845CB00F097EC /* storyboardTests.xctest */,
				6CAF03F8286845CB00F097EC /* storyboardUITests.xctest */,
			);
			name = Products;
			sourceTree = "<group>";
		};
		6CAF03DA286845C900F097EC /* storyboard */ = {
			isa = PBXGroup;
			children = (
				6CAF03DB286845C900F097EC /* AppDelegate.swift */,
				6CAF03DD286845C900F097EC /* SceneDelegate.swift */,
				6CAF03DF286845C900F097EC /* ViewController.swift */,
				6CAF03E1286845C900F097EC /* Main.storyboard */,
				6CAF03E4286845CB00F097EC /* Assets.xcassets */,
				6CAF03E6286845CB00F097EC /* LaunchScreen.storyboard */,
				6CAF03E9286845CB00F097EC /* Info.plist */,
			);
			path = storyboard;
			sourceTree = "<group>";
		};
		6CAF03F1286845CB00F097EC /* storyboardTests */ = {
			isa = PBXGroup;
			children = (
				6CAF03F2286845CB00F097EC /* storyboardTests.swift */,
			);
			path = storyboardTests;
			sourceTree = "<group>";
		};
		6CAF03FB286845CB00F097EC /* storyboardUITests */ = {
			isa = PBXGroup;
			children = (
				6CAF03FC286845CB00F097EC /* storyboardUITests.swift */,
				6CAF03FE286845CB00F097EC /* storyboardUITestsLaunchTests.swift */,
			);
			path = storyboardUITests;
			sourceTree = "<group>";
		};
/* End PBXGroup section */

/* Begin PBXNativeTarget section */
		6CAF03D7286845C900F097EC /* storyboard */ = {
			isa = PBXNativeTarget;
			buildConfigurationList = 6CAF0402286845CB00F097EC /* Build configuration list for PBXNativeTarget "storyboard" */;
			buildPhases = (
				6CAF03D4286845C900F097EC /* Sources */,
				6CAF03D5286845C900F097EC /* Frameworks */,
				6CAF03D6286845C900F097EC /* Resources */,
			);
			buildRules = (
			);
			dependencies = (
			);
			name = storyboard;
			productName = storyboard;
			productReference = 6CAF03D8286845C900F097EC /* storyboard.app */;
			productType = "com.apple.product-type.application";
		};
		6CAF03ED286845CB00F097EC /* storyboardTests */ = {
			isa = PBXNativeTarget;
			buildConfigurationList = 6CAF0405286845CB00F097EC /* Build configuration list for PBXNativeTarget "storyboardTests" */;
			buildPhases = (
				6CAF03EA286845CB00F097EC /* Sources */,
				6CAF03EB286845CB00F097EC /* Frameworks */,
				6CAF03EC286845CB00F097EC /* Resources */,
			);
			buildRules = (
			);
			dependencies = (
				6CAF03F0286845CB00F097EC /* PBXTargetDependency */,
			);
			name = storyboardTests;
			productName = storyboardTests;
			productReference = 6CAF03EE286845CB00F097EC /* storyboardTests.xctest */;
			productType = "com.apple.product-type.bundle.unit-test";
		};
		6CAF03F7286845CB00F097EC /* storyboardUITests */ = {
			isa = PBXNativeTarget;
			buildConfigurationList = 6CAF0408286845CB00F097EC /* Build configuration list for PBXNativeTarget "storyboardUITests" */;
			buildPhases = (
				6CAF03F4286845CB00F097EC /* Sources */,
				6CAF03F5286845CB00F097EC /* Frameworks */,
				6CAF03F6286845CB00F097EC /* Resources */,
			);
			buildRules = (
			);
			dependencies = (
				6CAF03FA286845CB00F097EC /* PBXTargetDependency */,
			);
			name = storyboardUITests;
			productName = storyboardUITests;
			productReference = 6CAF03F8286845CB00F097EC /* storyboardUITests.xctest */;
			productType = "com.apple.product-type.bundle.ui-testing";
		};
/* End PBXNativeTarget section */

/* Begin PBXProject section */
		6CAF03D0286845C900F097EC /* Project object */ = {
			isa = PBXProject;
			attributes = {
				BuildIndependentTargetsInParallel = 1;
				LastSwiftUpdateCheck = 1340;
				LastUpgradeCheck = 1340;
				TargetAttributes = {
					6CAF03D7286845C900F097EC = {
						CreatedOnToolsVersion = 13.4.1;
					};
					6CAF03ED286845CB00F097EC = {
						CreatedOnToolsVersion = 13.4.1;
						TestTargetID = 6CAF03D7286845C900F097EC;
					};
					6CAF03F7286845CB00F097EC = {
						CreatedOnToolsVersion = 13.4.1;
						TestTargetID = 6CAF03D7286845C900F097EC;
					};
				};
			};
			buildConfigurationList = 6CAF03D3286845C900F097EC /* Build configuration list for PBXProject "storyboard" */;
			compatibilityVersion = "Xcode 13.0";
			developmentRegion = en;
			hasScannedForEncodings = 0;
			knownRegions = (
				en,
				Base,
			);
			mainGroup = 6CAF03CF286845C900F097EC;
			productRefGroup = 6CAF03D9286845C900F097EC /* Products */;
			projectDirPath = "";
			projectRoot = "";
			targets = (
				6CAF03D7286845C900F097EC /* storyboard */,
				6CAF03ED286845CB00F097EC /* storyboardTests */,
				6CAF03F7286845CB00F097EC /* storyboardUITests */,
			);
		};
/* End PBXProject section */

/* Begin PBXResourcesBuildPhase section */
		6CAF03D6286845C900F097EC /* Resources */ = {
			isa = PBXResourcesBuildPhase;
			buildActionMask = 2147483647;
			files = (
				6CAF03E8286845CB00F097EC /* LaunchScreen.storyboard in Resources */,
				6CAF03E5286845CB00F097EC /* Assets.xcassets in Resources */,
				6CAF03E3286845C900F097EC /* Main.storyboard in Resources */,
			);
			runOnlyForDeploymentPostprocessing = 0;
		};
		6CAF03EC286845CB00F097EC /* Resources */ = {
			isa = PBXResourcesBuildPhase;
			buildActionMask = 2147483647;
			files = (
			);
			runOnlyForDeploymentPostprocessing = 0;
		};
		6CAF03F6286845CB00F097EC /* Resources */ = {
			isa = PBXResourcesBuildPhase;
			buildActionMask = 2147483647;
			files = (
			);
			runOnlyForDeploymentPostprocessing = 0;
		};
/* End PBXResourcesBuildPhase section */

/* Begin PBXSourcesBuildPhase section */
		6CAF03D4286845C900F097EC /* Sources */ = {
			isa = PBXSourcesBuildPhase;
			buildActionMask = 2147483647;
			files = (
				6CAF03E0286845C900F097EC /* ViewController.swift in Sources */,
				6CAF03DC286845C900F097EC /* AppDelegate.swift in Sources */,
				6CAF03DE286845C900F097EC /* SceneDelegate.swift in Sources */,
			);
			runOnlyForDeploymentPostprocessing = 0;
		};
		6CAF03EA286845CB00F097EC /* Sources */ = {
			isa = PBXSourcesBuildPhase;
			buildActionMask = 2147483647;
			files = (
				6CAF03F3286845CB00F097EC /* storyboardTests.swift in Sources */,
			);
			runOnlyForDeploymentPostprocessing = 0;
		};
		6CAF03F4286845CB00F097EC /* Sources */ = {
			isa = PBXSourcesBuildPhase;
			buildActionMask = 2147483647;
			files = (
				6CAF03FD286845CB00F097EC /* storyboardUITests.swift in Sources */,
				6CAF03FF286845CB00F097EC /* storyboardUITestsLaunchTests.swift in Sources */,
			);
			runOnlyForDeploymentPostprocessing = 0;
		};
/* End PBXSourcesBuildPhase section */

/* Begin PBXTargetDependency section */
		6CAF03F0286845CB00F097EC /* PBXTargetDependency */ = {
			isa = PBXTargetDependency;
			target = 6CAF03D7286845C900F097EC /* storyboard */;
			targetProxy = 6CAF03EF286845CB00F097EC /* PBXContainerItemProxy */;
		};
		6CAF03FA286845CB00F097EC /* PBXTargetDependency */ = {
			isa = PBXTargetDependency;
			target = 6CAF03D7286845C900F097EC /* storyboard */;
			targetProxy = 6CAF03F9286845CB00F097EC /* PBXContainerItemProxy */;
		};
/* End PBXTargetDependency section */

/* Begin PBXVariantGroup section */
		6CAF03E1286845C900F097EC /* Main.storyboard */ = {
			isa = PBXVariantGroup;
			children = (
				6CAF03E2286845C900F097EC /* Base */,
			);
			name = Main.storyboard;
			sourceTree = "<group>";
		};
		6CAF03E6286845CB00F097EC /* LaunchScreen.storyboard */ = {
			isa = PBXVariantGroup;
			children = (
				6CAF03E7286845CB00F097EC /* Base */,
			);
			name = LaunchScreen.storyboard;
			sourceTree = "<group>";
		};
/* End PBXVariantGroup section */

/* Begin XCBuildConfiguration section */
		6CAF0400286845CB00F097EC /* Debug */ = {
			isa = XCBuildConfiguration;
			buildSettings = {
				ALWAYS_SEARCH_USER_PATHS = NO;
				CLANG_ANALYZER_NONNULL = YES;
				CLANG_ANALYZER_NUMBER_OBJECT_CONVERSION = YES_AGGRESSIVE;
				CLANG_CXX_LANGUAGE_STANDARD = "gnu++17";
				CLANG_ENABLE_MODULES = YES;
				CLANG_ENABLE_OBJC_ARC = YES;
				CLANG_ENABLE_OBJC_WEAK = YES;
				CLANG_WARN_BLOCK_CAPTURE_AUTORELEASING = YES;
				CLANG_WARN_BOOL_CONVERSION = YES;
				CLANG_WARN_COMMA = YES;
				CLANG_WARN_CONSTANT_CONVERSION = YES;
				CLANG_WARN_DEPRECATED_OBJC_IMPLEMENTATIONS = YES;
				CLANG_WARN_DIRECT_OBJC_ISA_USAGE = YES_ERROR;
				CLANG_WARN_DOCUMENTATION_COMMENTS = YES;
				CLANG_WARN_EMPTY_BODY = YES;
				CLANG_WARN_ENUM_CONVERSION = YES;
				CLANG_WARN_INFINITE_RECURSION = YES;
				CLANG_WARN_INT_CONVERSION = YES;
				CLANG_WARN_NON_LITERAL_NULL_CONVERSION = YES;
				CLANG_WARN_OBJC_IMPLICIT_RETAIN_SELF = YES;
				CLANG_WARN_OBJC_LITERAL_CONVERSION = YES;
				CLANG_WARN_OBJC_ROOT_CLASS = YES_ERROR;
				CLANG_WARN_QUOTED_INCLUDE_IN_FRAMEWORK_HEADER = YES;
				CLANG_WARN_RANGE_LOOP_ANALYSIS = YES;
				CLANG_WARN_STRICT_PROTOTYPES = YES;
				CLANG_WARN_SUSPICIOUS_MOVE = YES;
				CLANG_WARN_UNGUARDED_AVAILABILITY = YES_AGGRESSIVE;
				CLANG_WARN_UNREACHABLE_CODE = YES;
				CLANG_WARN__DUPLICATE_METHOD_MATCH = YES;
				COPY_PHASE_STRIP = NO;
				DEBUG_INFORMATION_FORMAT = dwarf;
				ENABLE_STRICT_OBJC_MSGSEND = YES;
				ENABLE_TESTABILITY = YES;
				GCC_C_LANGUAGE_STANDARD = gnu11;
				GCC_DYNAMIC_NO_PIC = NO;
				GCC_NO_COMMON_BLOCKS = YES;
				GCC_OPTIMIZATION_LEVEL = 0;
				GCC_PREPROCESSOR_DEFINITIONS = (
					"DEBUG=1",
					"$(inherited)",
				);
				GCC_WARN_64_TO_32_BIT_CONVERSION = YES;
				GCC_WARN_ABOUT_RETURN_TYPE = YES_ERROR;
				GCC_WARN_UNDECLARED_SELECTOR = YES;
				GCC_WARN_UNINITIALIZED_AUTOS = YES_AGGRESSIVE;
				GCC_WARN_UNUSED_FUNCTION = YES;
				GCC_WARN_UNUSED_VARIABLE = YES;
				IPHONEOS_DEPLOYMENT_TARGET = 15.5;
				MTL_ENABLE_DEBUG_INFO = INCLUDE_SOURCE;
				MTL_FAST_MATH = YES;
				ONLY_ACTIVE_ARCH = YES;
				SDKROOT = iphoneos;
				SWIFT_ACTIVE_COMPILATION_CONDITIONS = DEBUG;
				SWIFT_OPTIMIZATION_LEVEL = "-Onone";
			};
			name = Debug;
		};
		6CAF0401286845CB00F097EC /* Release */ = {
			isa = XCBuildConfiguration;
			buildSettings = {
				ALWAYS_SEARCH_USER_PATHS = NO;
				CLANG_ANALYZER_NONNULL = YES;
				CLANG_ANALYZER_NUMBER_OBJECT_CONVERSION = YES_AGGRESSIVE;
				CLANG_CXX_LANGUAGE_STANDARD = "gnu++17";
				CLANG_ENABLE_MODULES = YES;
				CLANG_ENABLE_OBJC_ARC = YES;
				CLANG_ENABLE_OBJC_WEAK = YES;
				CLANG_WARN_BLOCK_CAPTURE_AUTORELEASING = YES;
				CLANG_WARN_BOOL_CONVERSION = YES;
				CLANG_WARN_COMMA = YES;
				CLANG_WARN_CONSTANT_CONVERSION = YES;
				CLANG_WARN_DEPRECATED_OBJC_IMPLEMENTATIONS = YES;
				CLANG_WARN_DIRECT_OBJC_ISA_USAGE = YES_ERROR;
				CLANG_WARN_DOCUMENTATION_COMMENTS = YES;
				CLANG_WARN_EMPTY_BODY = YES;
				CLANG_WARN_ENUM_CONVERSION = YES;
				CLANG_WARN_INFINITE_RECURSION = YES;
				CLANG_WARN_INT_CONVERSION = YES;
				CLANG_WARN_NON_LITERAL_NULL_CONVERSION = YES;
				CLANG_WARN_OBJC_IMPLICIT_RETAIN_SELF = YES;
				CLANG_WARN_OBJC_LITERAL_CONVERSION = YES;
				CLANG_WARN_OBJC_ROOT_CLASS = YES_ERROR;
				CLANG_WARN_QUOTED_INCLUDE_IN_FRAMEWORK_HEADER = YES;
				CLANG_WARN_RANGE_LOOP_ANALYSIS = YES;
				CLANG_WARN_STRICT_PROTOTYPES = YES;
				CLANG_WARN_SUSPICIOUS_MOVE = YES;
				CLANG_WARN_UNGUARDED_AVAILABILITY = YES_AGGRESSIVE;
				CLANG_WARN_UNREACHABLE_CODE = YES;
				CLANG_WARN__DUPLICATE_METHOD_MATCH = YES;
				COPY_PHASE_STRIP = NO;
				DEBUG_INFORMATION_FORMAT = "dwarf-with-dsym";
				ENABLE_NS_ASSERTIONS = NO;
				ENABLE_STRICT_OBJC_MSGSEND = YES;
				GCC_C_LANGUAGE_STANDARD = gnu11;
				GCC_NO_COMMON_BLOCKS = YES;
				GCC_WARN_64_TO_32_BIT_CONVERSION = YES;
				GCC_WARN_ABOUT_RETURN_TYPE = YES_ERROR;
				GCC_WARN_UNDECLARED_SELECTOR = YES;
				GCC_WARN_UNINITIALIZED_AUTOS = YES_AGGRESSIVE;
				GCC_WARN_UNUSED_FUNCTION = YES;
				GCC_WARN_UNUSED_VARIABLE = YES;
				IPHONEOS_DEPLOYMENT_TARGET = 15.5;
				MTL_ENABLE_DEBUG_INFO = NO;
				MTL_FAST_MATH = YES;
				SDKROOT = iphoneos;
				SWIFT_COMPILATION_MODE = wholemodule;
				SWIFT_OPTIMIZATION_LEVEL = "-O";
				VALIDATE_PRODUCT = YES;
			};
			name = Release;
		};
		6CAF0403286845CB00F097EC /* Debug */ = {
			isa = XCBuildConfiguration;
			buildSettings = {
				ASSETCATALOG_COMPILER_APPICON_NAME = AppIcon;
				ASSETCATALOG_COMPILER_GLOBAL_ACCENT_COLOR_NAME = AccentColor;
				CODE_SIGN_STYLE = Automatic;
				CURRENT_PROJECT_VERSION = 1;
				GENERATE_INFOPLIST_FILE = YES;
				INFOPLIST_FILE = storyboard/Info.plist;
				INFOPLIST_KEY_UIApplicationSupportsIndirectInputEvents = YES;
				INFOPLIST_KEY_UILaunchStoryboardName = LaunchScreen;
				INFOPLIST_KEY_UIMainStoryboardFile = Main;
				INFOPLIST_KEY_UISupportedInterfaceOrientations_iPad = "UIInterfaceOrientationPortrait UIInterfaceOrientationPortraitUpsideDown UIInterfaceOrientationLandscapeLeft UIInterfaceOrientationLandscapeRight";
				INFOPLIST_KEY_UISupportedInterfaceOrientations_iPhone = "UIInterfaceOrientationPortrait UIInterfaceOrientationLandscapeLeft UIInterfaceOrientationLandscapeRight";
				LD_RUNPATH_SEARCH_PATHS = (
					"$(inherited)",
					"@executable_path/Frameworks",
				);
				MARKETING_VERSION = 1.0;
				PRODUCT_BUNDLE_IDENTIFIER = "namava-storyboard.storyboard";
				PRODUCT_NAME = "$(TARGET_NAME)";
				SWIFT_EMIT_LOC_STRINGS = YES;
				SWIFT_VERSION = 5.0;
				TARGETED_DEVICE_FAMILY = "1,2";
			};
			name = Debug;
		};
		6CAF0404286845CB00F097EC /* Release */ = {
			isa = XCBuildConfiguration;
			buildSettings = {
				ASSETCATALOG_COMPILER_APPICON_NAME = AppIcon;
				ASSETCATALOG_COMPILER_GLOBAL_ACCENT_COLOR_NAME = AccentColor;
				CODE_SIGN_STYLE = Automatic;
				CURRENT_PROJECT_VERSION = 1;
				GENERATE_INFOPLIST_FILE = YES;
				INFOPLIST_FILE = storyboard/Info.plist;
				INFOPLIST_KEY_UIApplicationSupportsIndirectInputEvents = YES;
				INFOPLIST_KEY_UILaunchStoryboardName = LaunchScreen;
				INFOPLIST_KEY_UIMainStoryboardFile = Main;
				INFOPLIST_KEY_UISupportedInterfaceOrientations_iPad = "UIInterfaceOrientationPortrait UIInterfaceOrientationPortraitUpsideDown UIInterfaceOrientationLandscapeLeft UIInterfaceOrientationLandscapeRight";
				INFOPLIST_KEY_UISupportedInterfaceOrientations_iPhone = "UIInterfaceOrientationPortrait UIInterfaceOrientationLandscapeLeft UIInterfaceOrientationLandscapeRight";
				LD_RUNPATH_SEARCH_PATHS = (
					"$(inherited)",
					"@executable_path/Frameworks",
				);
				MARKETING_VERSION = 1.0;
				PRODUCT_BUNDLE_IDENTIFIER = "namava-storyboard.storyboard";
				PRODUCT_NAME = "$(TARGET_NAME)";
				SWIFT_EMIT_LOC_STRINGS = YES;
				SWIFT_VERSION = 5.0;
				TARGETED_DEVICE_FAMILY = "1,2";
			};
			name = Release;
		};
		6CAF0406286845CB00F097EC /* Debug */ = {
			isa = XCBuildConfiguration;
			buildSettings = {
				ALWAYS_EMBED_SWIFT_STANDARD_LIBRARIES = YES;
				BUNDLE_LOADER = "$(TEST_HOST)";
				CODE_SIGN_STYLE = Automatic;
				CURRENT_PROJECT_VERSION = 1;
				GENERATE_INFOPLIST_FILE = YES;
				IPHONEOS_DEPLOYMENT_TARGET = 15.5;
				MARKETING_VERSION = 1.0;
				PRODUCT_BUNDLE_IDENTIFIER = "namava-storyboard.storyboardTests";
				PRODUCT_NAME = "$(TARGET_NAME)";
				SWIFT_EMIT_LOC_STRINGS = NO;
				SWIFT_VERSION = 5.0;
				TARGETED_DEVICE_FAMILY = "1,2";
				TEST_HOST = "$(BUILT_PRODUCTS_DIR)/storyboard.app/storyboard";
			};
			name = Debug;
		};
		6CAF0407286845CB00F097EC /* Release */ = {
			isa = XCBuildConfiguration;
			buildSettings = {
				ALWAYS_EMBED_SWIFT_STANDARD_LIBRARIES = YES;
				BUNDLE_LOADER = "$(TEST_HOST)";
				CODE_SIGN_STYLE = Automatic;
				CURRENT_PROJECT_VERSION = 1;
				GENERATE_INFOPLIST_FILE = YES;
				IPHONEOS_DEPLOYMENT_TARGET = 15.5;
				MARKETING_VERSION = 1.0;
				PRODUCT_BUNDLE_IDENTIFIER = "namava-storyboard.storyboardTests";
				PRODUCT_NAME = "$(TARGET_NAME)";
				SWIFT_EMIT_LOC_STRINGS = NO;
				SWIFT_VERSION = 5.0;
				TARGETED_DEVICE_FAMILY = "1,2";
				TEST_HOST = "$(BUILT_PRODUCTS_DIR)/storyboard.app/storyboard";
			};
			name = Release;
		};
		6CAF0409286845CB00F097EC /* Debug */ = {
			isa = XCBuildConfiguration;
			buildSettings = {
				ALWAYS_EMBED_SWIFT_STANDARD_LIBRARIES = YES;
				CODE_SIGN_STYLE = Automatic;
				CURRENT_PROJECT_VERSION = 1;
				GENERATE_INFOPLIST_FILE = YES;
				MARKETING_VERSION = 1.0;
				PRODUCT_BUNDLE_IDENTIFIER = "namava-storyboard.storyboardUITests";
				PRODUCT_NAME = "$(TARGET_NAME)";
				SWIFT_EMIT_LOC_STRINGS = NO;
				SWIFT_VERSION = 5.0;
				TARGETED_DEVICE_FAMILY = "1,2";
				TEST_TARGET_NAME = storyboard;
			};
			name = Debug;
		};
		6CAF040A286845CB00F097EC /* Release */ = {
			isa = XCBuildConfiguration;
			buildSettings = {
				ALWAYS_EMBED_SWIFT_STANDARD_LIBRARIES = YES;
				CODE_SIGN_STYLE = Automatic;
				CURRENT_PROJECT_VERSION = 1;
				GENERATE_INFOPLIST_FILE = YES;
				MARKETING_VERSION = 1.0;
				PRODUCT_BUNDLE_IDENTIFIER = "namava-storyboard.storyboardUITests";
				PRODUCT_NAME = "$(TARGET_NAME)";
				SWIFT_EMIT_LOC_STRINGS = NO;
				SWIFT_VERSION = 5.0;
				TARGETED_DEVICE_FAMILY = "1,2";
				TEST_TARGET_NAME = storyboard;
			};
			name = Release;
		};
/* End XCBuildConfiguration section */

/* Begin XCConfigurationList section */
		6CAF03D3286845C900F097EC /* Build configuration list for PBXProject "storyboard" */ = {
			isa = XCConfigurationList;
			buildConfigurations = (
				6CAF0400286845CB00F097EC /* Debug */,
				6CAF0401286845CB00F097EC /* Release */,
			);
			defaultConfigurationIsVisible = 0;
			defaultConfigurationName = Release;
		};
		6CAF0402286845CB00F097EC /* Build configuration list for PBXNativeTarget "storyboard" */ = {
			isa = XCConfigurationList;
			buildConfigurations = (
				6CAF0403286845CB00F097EC /* Debug */,
				6CAF0404286845CB00F097EC /* Release */,
			);
			defaultConfigurationIsVisible = 0;
			defaultConfigurationName = Release;
		};
		6CAF0405286845CB00F097EC /* Build configuration list for PBXNativeTarget "storyboardTests" */ = {
			isa = XCConfigurationList;
			buildConfigurations = (
				6CAF0406286845CB00F097EC /* Debug */,
				6CAF0407286845CB00F097EC /* Release */,
			);
			defaultConfigurationIsVisible = 0;
			defaultConfigurationName = Release;
		};
		6CAF0408286845CB00F097EC /* Build configuration list for PBXNativeTarget "storyboardUITests" */ = {
			isa = XCConfigurationList;
			buildConfigurations = (
				6CAF0409286845CB00F097EC /* Debug */,
				6CAF040A286845CB00F097EC /* Release */,
			);
			defaultConfigurationIsVisible = 0;
			defaultConfigurationName = Release;
		};
/* End XCConfigurationList section */
	};
	rootObject = 6CAF03D0286845C900F097EC /* Project object */;
}
